// !$*UTF8*$!
{
	archiveVersion = 1;
	classes = {
	};
	objectVersion = 56;
	objects = {

/* Begin PBXBuildFile section */
		1441EFEA29E7247F004C9503 /* AppDelegate.swift in Sources */ = {isa = PBXBuildFile; fileRef = 1441EFE929E7247F004C9503 /* AppDelegate.swift */; };
		1441EFEC29E7247F004C9503 /* SceneDelegate.swift in Sources */ = {isa = PBXBuildFile; fileRef = 1441EFEB29E7247F004C9503 /* SceneDelegate.swift */; };
		1441EFEE29E7247F004C9503 /* CollectionViewController.swift in Sources */ = {isa = PBXBuildFile; fileRef = 1441EFED29E7247F004C9503 /* CollectionViewController.swift */; };
		1441EFF129E7247F004C9503 /* Main.storyboard in Resources */ = {isa = PBXBuildFile; fileRef = 1441EFEF29E7247F004C9503 /* Main.storyboard */; };
		1441EFF329E72480004C9503 /* Assets.xcassets in Resources */ = {isa = PBXBuildFile; fileRef = 1441EFF229E72480004C9503 /* Assets.xcassets */; };
		1441EFF629E72480004C9503 /* LaunchScreen.storyboard in Resources */ = {isa = PBXBuildFile; fileRef = 1441EFF429E72480004C9503 /* LaunchScreen.storyboard */; };
		1441EFFE29E7E512004C9503 /* CountriesCollectionViewCell.swift in Sources */ = {isa = PBXBuildFile; fileRef = 1441EFFD29E7E512004C9503 /* CountriesCollectionViewCell.swift */; };
		1441F00029E7E869004C9503 /* Countries.swift in Sources */ = {isa = PBXBuildFile; fileRef = 1441EFFF29E7E869004C9503 /* Countries.swift */; };
		1441F00229E7EEF6004C9503 /* RegionsTableViewController.swift in Sources */ = {isa = PBXBuildFile; fileRef = 1441F00129E7EEF6004C9503 /* RegionsTableViewController.swift */; };
		1441F00429E7F234004C9503 /* GermanyRegionsTableViewController.swift in Sources */ = {isa = PBXBuildFile; fileRef = 1441F00329E7F234004C9503 /* GermanyRegionsTableViewController.swift */; };
		1441F00A29E7FA6A004C9503 /* TurkeyMapVC.swift in Sources */ = {isa = PBXBuildFile; fileRef = 1441F00929E7FA6A004C9503 /* TurkeyMapVC.swift */; };
		1441F00C29E7FB4D004C9503 /* TurkeyMapDataSource.swift in Sources */ = {isa = PBXBuildFile; fileRef = 1441F00B29E7FB4D004C9503 /* TurkeyMapDataSource.swift */; };
		1441F01029E80C71004C9503 /* TurkeyMapVCSkiCenters.swift in Sources */ = {isa = PBXBuildFile; fileRef = 1441F00F29E80C71004C9503 /* TurkeyMapVCSkiCenters.swift */; };
		1441F01229E80F6C004C9503 /* GermanyMapVC.swift in Sources */ = {isa = PBXBuildFile; fileRef = 1441F01129E80F6C004C9503 /* GermanyMapVC.swift */; };
		1441F01629E82787004C9503 /* GermanyMapDataSource.swift in Sources */ = {isa = PBXBuildFile; fileRef = 1441F01529E82787004C9503 /* GermanyMapDataSource.swift */; };
		1441F01829E9E26D004C9503 /* GermanyMapVcCastles.swift in Sources */ = {isa = PBXBuildFile; fileRef = 1441F01729E9E26D004C9503 /* GermanyMapVcCastles.swift */; };
/* End PBXBuildFile section */

/* Begin PBXFileReference section */
		1441EFE629E7247F004C9503 /* Travel App.app */ = {isa = PBXFileReference; explicitFileType = wrapper.application; includeInIndex = 0; path = "Travel App.app"; sourceTree = BUILT_PRODUCTS_DIR; };
		1441EFE929E7247F004C9503 /* AppDelegate.swift */ = {isa = PBXFileReference; lastKnownFileType = sourcecode.swift; path = AppDelegate.swift; sourceTree = "<group>"; };
		1441EFEB29E7247F004C9503 /* SceneDelegate.swift */ = {isa = PBXFileReference; lastKnownFileType = sourcecode.swift; path = SceneDelegate.swift; sourceTree = "<group>"; };
		1441EFED29E7247F004C9503 /* CollectionViewController.swift */ = {isa = PBXFileReference; lastKnownFileType = sourcecode.swift; path = CollectionViewController.swift; sourceTree = "<group>"; };
		1441EFF029E7247F004C9503 /* Base */ = {isa = PBXFileReference; lastKnownFileType = file.storyboard; name = Base; path = Base.lproj/Main.storyboard; sourceTree = "<group>"; };
		1441EFF229E72480004C9503 /* Assets.xcassets */ = {isa = PBXFileReference; lastKnownFileType = folder.assetcatalog; path = Assets.xcassets; sourceTree = "<group>"; };
		1441EFF529E72480004C9503 /* Base */ = {isa = PBXFileReference; lastKnownFileType = file.storyboard; name = Base; path = Base.lproj/LaunchScreen.storyboard; sourceTree = "<group>"; };
		1441EFF729E72480004C9503 /* Info.plist */ = {isa = PBXFileReference; lastKnownFileType = text.plist.xml; path = Info.plist; sourceTree = "<group>"; };
		1441EFFD29E7E512004C9503 /* CountriesCollectionViewCell.swift */ = {isa = PBXFileReference; lastKnownFileType = sourcecode.swift; path = CountriesCollectionViewCell.swift; sourceTree = "<group>"; };
		1441EFFF29E7E869004C9503 /* Countries.swift */ = {isa = PBXFileReference; lastKnownFileType = sourcecode.swift; path = Countries.swift; sourceTree = "<group>"; };
		1441F00129E7EEF6004C9503 /* RegionsTableViewController.swift */ = {isa = PBXFileReference; lastKnownFileType = sourcecode.swift; path = RegionsTableViewController.swift; sourceTree = "<group>"; };
		1441F00329E7F234004C9503 /* GermanyRegionsTableViewController.swift */ = {isa = PBXFileReference; lastKnownFileType = sourcecode.swift; path = GermanyRegionsTableViewController.swift; sourceTree = "<group>"; };
		1441F00929E7FA6A004C9503 /* TurkeyMapVC.swift */ = {isa = PBXFileReference; lastKnownFileType = sourcecode.swift; path = TurkeyMapVC.swift; sourceTree = "<group>"; };
		1441F00B29E7FB4D004C9503 /* TurkeyMapDataSource.swift */ = {isa = PBXFileReference; lastKnownFileType = sourcecode.swift; path = TurkeyMapDataSource.swift; sourceTree = "<group>"; };
		1441F00F29E80C71004C9503 /* TurkeyMapVCSkiCenters.swift */ = {isa = PBXFileReference; lastKnownFileType = sourcecode.swift; path = TurkeyMapVCSkiCenters.swift; sourceTree = "<group>"; };
		1441F01129E80F6C004C9503 /* GermanyMapVC.swift */ = {isa = PBXFileReference; lastKnownFileType = sourcecode.swift; path = GermanyMapVC.swift; sourceTree = "<group>"; };
		1441F01529E82787004C9503 /* GermanyMapDataSource.swift */ = {isa = PBXFileReference; lastKnownFileType = sourcecode.swift; path = GermanyMapDataSource.swift; sourceTree = "<group>"; };
		1441F01729E9E26D004C9503 /* GermanyMapVcCastles.swift */ = {isa = PBXFileReference; lastKnownFileType = sourcecode.swift; path = GermanyMapVcCastles.swift; sourceTree = "<group>"; };
/* End PBXFileReference section */

/* Begin PBXFrameworksBuildPhase section */
		1441EFE329E7247F004C9503 /* Frameworks */ = {
			isa = PBXFrameworksBuildPhase;
			buildActionMask = 2147483647;
			files = (
			);
			runOnlyForDeploymentPostprocessing = 0;
		};
/* End PBXFrameworksBuildPhase section */

/* Begin PBXGroup section */
		1441EFDD29E7247F004C9503 = {
			isa = PBXGroup;
			children = (
				1441EFE829E7247F004C9503 /* Travel App */,
				1441EFE729E7247F004C9503 /* Products */,
			);
			sourceTree = "<group>";
		};
		1441EFE729E7247F004C9503 /* Products */ = {
			isa = PBXGroup;
			children = (
				1441EFE629E7247F004C9503 /* Travel App.app */,
			);
			name = Products;
			sourceTree = "<group>";
		};
		1441EFE829E7247F004C9503 /* Travel App */ = {
			isa = PBXGroup;
			children = (
				1441EFE929E7247F004C9503 /* AppDelegate.swift */,
				1441EFEB29E7247F004C9503 /* SceneDelegate.swift */,
				1441EFED29E7247F004C9503 /* CollectionViewController.swift */,
				1441EFFD29E7E512004C9503 /* CountriesCollectionViewCell.swift */,
				1441EFFF29E7E869004C9503 /* Countries.swift */,
				1441F00529E7F98B004C9503 /* Turkey */,
				1441F00629E7F9A9004C9503 /* Germany */,
				1441EFEF29E7247F004C9503 /* Main.storyboard */,
				1441EFF229E72480004C9503 /* Assets.xcassets */,
				1441EFF429E72480004C9503 /* LaunchScreen.storyboard */,
				1441EFF729E72480004C9503 /* Info.plist */,
			);
			path = "Travel App";
			sourceTree = "<group>";
		};
		1441F00529E7F98B004C9503 /* Turkey */ = {
			isa = PBXGroup;
			children = (
				1441F00129E7EEF6004C9503 /* RegionsTableViewController.swift */,
				1441F00929E7FA6A004C9503 /* TurkeyMapVC.swift */,
				1441F00F29E80C71004C9503 /* TurkeyMapVCSkiCenters.swift */,
				1441F00B29E7FB4D004C9503 /* TurkeyMapDataSource.swift */,
			);
			path = Turkey;
			sourceTree = "<group>";
		};
		1441F00629E7F9A9004C9503 /* Germany */ = {
			isa = PBXGroup;
			children = (
				1441F00329E7F234004C9503 /* GermanyRegionsTableViewController.swift */,
				1441F01129E80F6C004C9503 /* GermanyMapVC.swift */,
				1441F01729E9E26D004C9503 /* GermanyMapVcCastles.swift */,
				1441F01529E82787004C9503 /* GermanyMapDataSource.swift */,
			);
			path = Germany;
			sourceTree = "<group>";
		};
/* End PBXGroup section */

/* Begin PBXNativeTarget section */
		1441EFE529E7247F004C9503 /* Travel App */ = {
			isa = PBXNativeTarget;
			buildConfigurationList = 1441EFFA29E72480004C9503 /* Build configuration list for PBXNativeTarget "Travel App" */;
			buildPhases = (
				1441EFE229E7247F004C9503 /* Sources */,
				1441EFE329E7247F004C9503 /* Frameworks */,
				1441EFE429E7247F004C9503 /* Resources */,
			);
			buildRules = (
			);
			dependencies = (
			);
			name = "Travel App";
			productName = "Travel App";
			productReference = 1441EFE629E7247F004C9503 /* Travel App.app */;
			productType = "com.apple.product-type.application";
		};
/* End PBXNativeTarget section */

/* Begin PBXProject section */
		1441EFDE29E7247F004C9503 /* Project object */ = {
			isa = PBXProject;
			attributes = {
				BuildIndependentTargetsInParallel = 1;
				LastSwiftUpdateCheck = 1430;
				LastUpgradeCheck = 1430;
				TargetAttributes = {
					1441EFE529E7247F004C9503 = {
						CreatedOnToolsVersion = 14.3;
					};
				};
			};
			buildConfigurationList = 1441EFE129E7247F004C9503 /* Build configuration list for PBXProject "Travel App" */;
			compatibilityVersion = "Xcode 14.0";
			developmentRegion = en;
			hasScannedForEncodings = 0;
			knownRegions = (
				en,
				Base,
			);
			mainGroup = 1441EFDD29E7247F004C9503;
			productRefGroup = 1441EFE729E7247F004C9503 /* Products */;
			projectDirPath = "";
			projectRoot = "";
			targets = (
				1441EFE529E7247F004C9503 /* Travel App */,
			);
		};
/* End PBXProject section */

/* Begin PBXResourcesBuildPhase section */
		1441EFE429E7247F004C9503 /* Resources */ = {
			isa = PBXResourcesBuildPhase;
			buildActionMask = 2147483647;
			files = (
				1441EFF629E72480004C9503 /* LaunchScreen.storyboard in Resources */,
				1441EFF329E72480004C9503 /* Assets.xcassets in Resources */,
				1441EFF129E7247F004C9503 /* Main.storyboard in Resources */,
			);
			runOnlyForDeploymentPostprocessing = 0;
		};
/* End PBXResourcesBuildPhase section */

/* Begin PBXSourcesBuildPhase section */
		1441EFE229E7247F004C9503 /* Sources */ = {
			isa = PBXSourcesBuildPhase;
			buildActionMask = 2147483647;
			files = (
				1441EFEE29E7247F004C9503 /* CollectionViewController.swift in Sources */,
				1441F01629E82787004C9503 /* GermanyMapDataSource.swift in Sources */,
				1441F00429E7F234004C9503 /* GermanyRegionsTableViewController.swift in Sources */,
				1441F01029E80C71004C9503 /* TurkeyMapVCSkiCenters.swift in Sources */,
				1441EFFE29E7E512004C9503 /* CountriesCollectionViewCell.swift in Sources */,
				1441EFEA29E7247F004C9503 /* AppDelegate.swift in Sources */,
				1441F00029E7E869004C9503 /* Countries.swift in Sources */,
				1441F00C29E7FB4D004C9503 /* TurkeyMapDataSource.swift in Sources */,
				1441F00229E7EEF6004C9503 /* RegionsTableViewController.swift in Sources */,
				1441F01829E9E26D004C9503 /* GermanyMapVcCastles.swift in Sources */,
				1441F01229E80F6C004C9503 /* GermanyMapVC.swift in Sources */,
				1441EFEC29E7247F004C9503 /* SceneDelegate.swift in Sources */,
				1441F00A29E7FA6A004C9503 /* TurkeyMapVC.swift in Sources */,
			);
			runOnlyForDeploymentPostprocessing = 0;
		};
/* End PBXSourcesBuildPhase section */

/* Begin PBXVariantGroup section */
		1441EFEF29E7247F004C9503 /* Main.storyboard */ = {
			isa = PBXVariantGroup;
			children = (
				1441EFF029E7247F004C9503 /* Base */,
			);
			name = Main.storyboard;
			sourceTree = "<group>";
		};
		1441EFF429E72480004C9503 /* LaunchScreen.storyboard */ = {
			isa = PBXVariantGroup;
			children = (
				1441EFF529E72480004C9503 /* Base */,
			);
			name = LaunchScreen.storyboard;
			sourceTree = "<group>";
		};
/* End PBXVariantGroup section */

/* Begin XCBuildConfiguration section */
		1441EFF829E72480004C9503 /* Debug */ = {
			isa = XCBuildConfiguration;
			buildSettings = {
				ALWAYS_SEARCH_USER_PATHS = NO;
				CLANG_ANALYZER_NONNULL = YES;
				CLANG_ANALYZER_NUMBER_OBJECT_CONVERSION = YES_AGGRESSIVE;
				CLANG_CXX_LANGUAGE_STANDARD = "gnu++20";
				CLANG_ENABLE_MODULES = YES;
				CLANG_ENABLE_OBJC_ARC = YES;
				CLANG_ENABLE_OBJC_WEAK = YES;
				CLANG_WARN_BLOCK_CAPTURE_AUTORELEASING = YES;
				CLANG_WARN_BOOL_CONVERSION = YES;
				CLANG_WARN_COMMA = YES;
				CLANG_WARN_CONSTANT_CONVERSION = YES;
				CLANG_WARN_DEPRECATED_OBJC_IMPLEMENTATIONS = YES;
				CLANG_WARN_DIRECT_OBJC_ISA_USAGE = YES_ERROR;
				CLANG_WARN_DOCUMENTATION_COMMENTS = YES;
				CLANG_WARN_EMPTY_BODY = YES;
				CLANG_WARN_ENUM_CONVERSION = YES;
				CLANG_WARN_INFINITE_RECURSION = YES;
				CLANG_WARN_INT_CONVERSION = YES;
				CLANG_WARN_NON_LITERAL_NULL_CONVERSION = YES;
				CLANG_WARN_OBJC_IMPLICIT_RETAIN_SELF = YES;
				CLANG_WARN_OBJC_LITERAL_CONVERSION = YES;
				CLANG_WARN_OBJC_ROOT_CLASS = YES_ERROR;
				CLANG_WARN_QUOTED_INCLUDE_IN_FRAMEWORK_HEADER = YES;
				CLANG_WARN_RANGE_LOOP_ANALYSIS = YES;
				CLANG_WARN_STRICT_PROTOTYPES = YES;
				CLANG_WARN_SUSPICIOUS_MOVE = YES;
				CLANG_WARN_UNGUARDED_AVAILABILITY = YES_AGGRESSIVE;
				CLANG_WARN_UNREACHABLE_CODE = YES;
				CLANG_WARN__DUPLICATE_METHOD_MATCH = YES;
				COPY_PHASE_STRIP = NO;
				DEBUG_INFORMATION_FORMAT = dwarf;
				ENABLE_STRICT_OBJC_MSGSEND = YES;
				ENABLE_TESTABILITY = YES;
				GCC_C_LANGUAGE_STANDARD = gnu11;
				GCC_DYNAMIC_NO_PIC = NO;
				GCC_NO_COMMON_BLOCKS = YES;
				GCC_OPTIMIZATION_LEVEL = 0;
				GCC_PREPROCESSOR_DEFINITIONS = (
					"DEBUG=1",
					"$(inherited)",
				);
				GCC_WARN_64_TO_32_BIT_CONVERSION = YES;
				GCC_WARN_ABOUT_RETURN_TYPE = YES_ERROR;
				GCC_WARN_UNDECLARED_SELECTOR = YES;
				GCC_WARN_UNINITIALIZED_AUTOS = YES_AGGRESSIVE;
				GCC_WARN_UNUSED_FUNCTION = YES;
				GCC_WARN_UNUSED_VARIABLE = YES;
				IPHONEOS_DEPLOYMENT_TARGET = 16.4;
				MTL_ENABLE_DEBUG_INFO = INCLUDE_SOURCE;
				MTL_FAST_MATH = YES;
				ONLY_ACTIVE_ARCH = YES;
				SDKROOT = iphoneos;
				SWIFT_ACTIVE_COMPILATION_CONDITIONS = DEBUG;
				SWIFT_OPTIMIZATION_LEVEL = "-Onone";
			};
			name = Debug;
		};
		1441EFF929E72480004C9503 /* Release */ = {
			isa = XCBuildConfiguration;
			buildSettings = {
				ALWAYS_SEARCH_USER_PATHS = NO;
				CLANG_ANALYZER_NONNULL = YES;
				CLANG_ANALYZER_NUMBER_OBJECT_CONVERSION = YES_AGGRESSIVE;
				CLANG_CXX_LANGUAGE_STANDARD = "gnu++20";
				CLANG_ENABLE_MODULES = YES;
				CLANG_ENABLE_OBJC_ARC = YES;
				CLANG_ENABLE_OBJC_WEAK = YES;
				CLANG_WARN_BLOCK_CAPTURE_AUTORELEASING = YES;
				CLANG_WARN_BOOL_CONVERSION = YES;
				CLANG_WARN_COMMA = YES;
				CLANG_WARN_CONSTANT_CONVERSION = YES;
				CLANG_WARN_DEPRECATED_OBJC_IMPLEMENTATIONS = YES;
				CLANG_WARN_DIRECT_OBJC_ISA_USAGE = YES_ERROR;
				CLANG_WARN_DOCUMENTATION_COMMENTS = YES;
				CLANG_WARN_EMPTY_BODY = YES;
				CLANG_WARN_ENUM_CONVERSION = YES;
				CLANG_WARN_INFINITE_RECURSION = YES;
				CLANG_WARN_INT_CONVERSION = YES;
				CLANG_WARN_NON_LITERAL_NULL_CONVERSION = YES;
				CLANG_WARN_OBJC_IMPLICIT_RETAIN_SELF = YES;
				CLANG_WARN_OBJC_LITERAL_CONVERSION = YES;
				CLANG_WARN_OBJC_ROOT_CLASS = YES_ERROR;
				CLANG_WARN_QUOTED_INCLUDE_IN_FRAMEWORK_HEADER = YES;
				CLANG_WARN_RANGE_LOOP_ANALYSIS = YES;
				CLANG_WARN_STRICT_PROTOTYPES = YES;
				CLANG_WARN_SUSPICIOUS_MOVE = YES;
				CLANG_WARN_UNGUARDED_AVAILABILITY = YES_AGGRESSIVE;
				CLANG_WARN_UNREACHABLE_CODE = YES;
				CLANG_WARN__DUPLICATE_METHOD_MATCH = YES;
				COPY_PHASE_STRIP = NO;
				DEBUG_INFORMATION_FORMAT = "dwarf-with-dsym";
				ENABLE_NS_ASSERTIONS = NO;
				ENABLE_STRICT_OBJC_MSGSEND = YES;
				GCC_C_LANGUAGE_STANDARD = gnu11;
				GCC_NO_COMMON_BLOCKS = YES;
				GCC_WARN_64_TO_32_BIT_CONVERSION = YES;
				GCC_WARN_ABOUT_RETURN_TYPE = YES_ERROR;
				GCC_WARN_UNDECLARED_SELECTOR = YES;
				GCC_WARN_UNINITIALIZED_AUTOS = YES_AGGRESSIVE;
				GCC_WARN_UNUSED_FUNCTION = YES;
				GCC_WARN_UNUSED_VARIABLE = YES;
				IPHONEOS_DEPLOYMENT_TARGET = 16.4;
				MTL_ENABLE_DEBUG_INFO = NO;
				MTL_FAST_MATH = YES;
				SDKROOT = iphoneos;
				SWIFT_COMPILATION_MODE = wholemodule;
				SWIFT_OPTIMIZATION_LEVEL = "-O";
				VALIDATE_PRODUCT = YES;
			};
			name = Release;
		};
		1441EFFB29E72480004C9503 /* Debug */ = {
			isa = XCBuildConfiguration;
			buildSettings = {
				ASSETCATALOG_COMPILER_APPICON_NAME = AppIcon;
				ASSETCATALOG_COMPILER_GLOBAL_ACCENT_COLOR_NAME = AccentColor;
				CODE_SIGN_STYLE = Automatic;
				CURRENT_PROJECT_VERSION = 1;
				DEVELOPMENT_TEAM = UFP36B6P45;
				GENERATE_INFOPLIST_FILE = YES;
				INFOPLIST_FILE = "Travel App/Info.plist";
				INFOPLIST_KEY_UIApplicationSupportsIndirectInputEvents = YES;
				INFOPLIST_KEY_UILaunchStoryboardName = LaunchScreen;
				INFOPLIST_KEY_UIMainStoryboardFile = Main;
				INFOPLIST_KEY_UISupportedInterfaceOrientations_iPad = "UIInterfaceOrientationPortrait UIInterfaceOrientationPortraitUpsideDown UIInterfaceOrientationLandscapeLeft UIInterfaceOrientationLandscapeRight";
				INFOPLIST_KEY_UISupportedInterfaceOrientations_iPhone = "UIInterfaceOrientationPortrait UIInterfaceOrientationLandscapeLeft UIInterfaceOrientationLandscapeRight";
				LD_RUNPATH_SEARCH_PATHS = (
					"$(inherited)",
					"@executable_path/Frameworks",
				);
				MARKETING_VERSION = 1.0;
				PRODUCT_BUNDLE_IDENTIFIER = "Tolga.Travel-App";
				PRODUCT_NAME = "$(TARGET_NAME)";
				SWIFT_EMIT_LOC_STRINGS = YES;
				SWIFT_VERSION = 5.0;
				TARGETED_DEVICE_FAMILY = "1,2";
			};
			name = Debug;
		};
		1441EFFC29E72480004C9503 /* Release */ = {
			isa = XCBuildConfiguration;
			buildSettings = {
				ASSETCATALOG_COMPILER_APPICON_NAME = AppIcon;
				ASSETCATALOG_COMPILER_GLOBAL_ACCENT_COLOR_NAME = AccentColor;
				CODE_SIGN_STYLE = Automatic;
				CURRENT_PROJECT_VERSION = 1;
				DEVELOPMENT_TEAM = UFP36B6P45;
				GENERATE_INFOPLIST_FILE = YES;
				INFOPLIST_FILE = "Travel App/Info.plist";
				INFOPLIST_KEY_UIApplicationSupportsIndirectInputEvents = YES;
				INFOPLIST_KEY_UILaunchStoryboardName = LaunchScreen;
				INFOPLIST_KEY_UIMainStoryboardFile = Main;
				INFOPLIST_KEY_UISupportedInterfaceOrientations_iPad = "UIInterfaceOrientationPortrait UIInterfaceOrientationPortraitUpsideDown UIInterfaceOrientationLandscapeLeft UIInterfaceOrientationLandscapeRight";
				INFOPLIST_KEY_UISupportedInterfaceOrientations_iPhone = "UIInterfaceOrientationPortrait UIInterfaceOrientationLandscapeLeft UIInterfaceOrientationLandscapeRight";
				LD_RUNPATH_SEARCH_PATHS = (
					"$(inherited)",
					"@executable_path/Frameworks",
				);
				MARKETING_VERSION = 1.0;
				PRODUCT_BUNDLE_IDENTIFIER = "Tolga.Travel-App";
				PRODUCT_NAME = "$(TARGET_NAME)";
				SWIFT_EMIT_LOC_STRINGS = YES;
				SWIFT_VERSION = 5.0;
				TARGETED_DEVICE_FAMILY = "1,2";
			};
			name = Release;
		};
/* End XCBuildConfiguration section */

/* Begin XCConfigurationList section */
		1441EFE129E7247F004C9503 /* Build configuration list for PBXProject "Travel App" */ = {
			isa = XCConfigurationList;
			buildConfigurations = (
				1441EFF829E72480004C9503 /* Debug */,
				1441EFF929E72480004C9503 /* Release */,
			);
			defaultConfigurationIsVisible = 0;
			defaultConfigurationName = Release;
		};
		1441EFFA29E72480004C9503 /* Build configuration list for PBXNativeTarget "Travel App" */ = {
			isa = XCConfigurationList;
			buildConfigurations = (
				1441EFFB29E72480004C9503 /* Debug */,
				1441EFFC29E72480004C9503 /* Release */,
			);
			defaultConfigurationIsVisible = 0;
			defaultConfigurationName = Release;
		};
/* End XCConfigurationList section */
	};
	rootObject = 1441EFDE29E7247F004C9503 /* Project object */;
}
